
Microsoft Visual Studio Solution File, Format Version 12.00
# Visual Studio Version 17
VisualStudioVersion = 17.14.36203.30 d17.14
MinimumVisualStudioVersion = 10.0.40219.1
Project("{FAE04EC0-301F-11D3-BF4B-00C04F79EFBC}") = "BlazorApp1", "BlazorApp1\BlazorApp1\BlazorApp1.csproj", "{AC85FA04-65EE-4AD8-BD94-62179B1714C8}"
EndProject
Project("{FAE04EC0-301F-11D3-BF4B-00C04F79EFBC}") = "BlazorApp1.Client", "BlazorApp1\BlazorApp1.Client\BlazorApp1.Client.csproj", "{F1D869A8-AFAC-4AF2-8BC3-2C02426EBA29}"
EndProject
Project("{FAE04EC0-301F-11D3-BF4B-00C04F79EFBC}") = "BlazorAppServer", "BlazorAppServer\BlazorAppServer.csproj", "{FABF6A74-636F-477D-87F9-4642DDB5BB4B}"
EndProject
Global
	GlobalSection(SolutionConfigurationPlatforms) = preSolution
		Debug|Any CPU = Debug|Any CPU
		Release|Any CPU = Release|Any CPU
	EndGlobalSection
	GlobalSection(ProjectConfigurationPlatforms) = postSolution
		{AC85FA04-65EE-4AD8-BD94-62179B1714C8}.Debug|Any CPU.ActiveCfg = Debug|Any CPU
		{AC85FA04-65EE-4AD8-BD94-62179B1714C8}.Debug|Any CPU.Build.0 = Debug|Any CPU
		{AC85FA04-65EE-4AD8-BD94-62179B1714C8}.Release|Any CPU.ActiveCfg = Release|Any CPU
		{AC85FA04-65EE-4AD8-BD94-62179B1714C8}.Release|Any CPU.Build.0 = Release|Any CPU
		{F1D869A8-AFAC-4AF2-8BC3-2C02426EBA29}.Debug|Any CPU.ActiveCfg = Debug|Any CPU
		{F1D869A8-AFAC-4AF2-8BC3-2C02426EBA29}.Debug|Any CPU.Build.0 = Debug|Any CPU
		{F1D869A8-AFAC-4AF2-8BC3-2C02426EBA29}.Release|Any CPU.ActiveCfg = Release|Any CPU
		{F1D869A8-AFAC-4AF2-8BC3-2C02426EBA29}.Release|Any CPU.Build.0 = Release|Any CPU
		{FABF6A74-636F-477D-87F9-4642DDB5BB4B}.Debug|Any CPU.ActiveCfg = Debug|Any CPU
		{FABF6A74-636F-477D-87F9-4642DDB5BB4B}.Debug|Any CPU.Build.0 = Debug|Any CPU
		{FABF6A74-636F-477D-87F9-4642DDB5BB4B}.Release|Any CPU.ActiveCfg = Release|Any CPU
		{FABF6A74-636F-477D-87F9-4642DDB5BB4B}.Release|Any CPU.Build.0 = Release|Any CPU
	EndGlobalSection
	GlobalSection(SolutionProperties) = preSolution
		HideSolutionNode = FALSE
	EndGlobalSection
	GlobalSection(ExtensibilityGlobals) = postSolution
		SolutionGuid = {724C339F-0612-44B7-A17E-E3934033D4A2}
	EndGlobalSection
EndGlobal
